// !$*UTF8*$!
{
	archiveVersion = 1;
	classes = {
	};
	objectVersion = 46;
	objects = {

/* Begin PBXBuildFile section */
		4CCD27541D18957300B55A73 /* AppDelegate.swift in Sources */ = {isa = PBXBuildFile; fileRef = 4CCD27531D18957300B55A73 /* AppDelegate.swift */; };
		4CCD27561D18957300B55A73 /* ViewController.swift in Sources */ = {isa = PBXBuildFile; fileRef = 4CCD27551D18957300B55A73 /* ViewController.swift */; };
		4CCD27591D18957300B55A73 /* Main.storyboard in Resources */ = {isa = PBXBuildFile; fileRef = 4CCD27571D18957300B55A73 /* Main.storyboard */; };
		4CCD275B1D18957300B55A73 /* Assets.xcassets in Resources */ = {isa = PBXBuildFile; fileRef = 4CCD275A1D18957300B55A73 /* Assets.xcassets */; };
		4CCD275E1D18957300B55A73 /* LaunchScreen.storyboard in Resources */ = {isa = PBXBuildFile; fileRef = 4CCD275C1D18957300B55A73 /* LaunchScreen.storyboard */; };
		4CCD27691D18957300B55A73 /* gramTests.swift in Sources */ = {isa = PBXBuildFile; fileRef = 4CCD27681D18957300B55A73 /* gramTests.swift */; };
		4CCD27741D18957300B55A73 /* gramUITests.swift in Sources */ = {isa = PBXBuildFile; fileRef = 4CCD27731D18957300B55A73 /* gramUITests.swift */; };
/* End PBXBuildFile section */

/* Begin PBXContainerItemProxy section */
		4CCD27651D18957300B55A73 /* PBXContainerItemProxy */ = {
			isa = PBXContainerItemProxy;
			containerPortal = 4CCD27481D18957300B55A73 /* Project object */;
			proxyType = 1;
			remoteGlobalIDString = 4CCD274F1D18957300B55A73;
			remoteInfo = gram;
		};
		4CCD27701D18957300B55A73 /* PBXContainerItemProxy */ = {
			isa = PBXContainerItemProxy;
			containerPortal = 4CCD27481D18957300B55A73 /* Project object */;
			proxyType = 1;
			remoteGlobalIDString = 4CCD274F1D18957300B55A73;
			remoteInfo = gram;
		};
/* End PBXContainerItemProxy section */

/* Begin PBXFileReference section */
		4CCD27501D18957300B55A73 /* gram.app */ = {isa = PBXFileReference; explicitFileType = wrapper.application; includeInIndex = 0; path = gram.app; sourceTree = BUILT_PRODUCTS_DIR; };
		4CCD27531D18957300B55A73 /* AppDelegate.swift */ = {isa = PBXFileReference; lastKnownFileType = sourcecode.swift; path = AppDelegate.swift; sourceTree = "<group>"; };
		4CCD27551D18957300B55A73 /* ViewController.swift */ = {isa = PBXFileReference; lastKnownFileType = sourcecode.swift; path = ViewController.swift; sourceTree = "<group>"; };
		4CCD27581D18957300B55A73 /* Base */ = {isa = PBXFileReference; lastKnownFileType = file.storyboard; name = Base; path = Base.lproj/Main.storyboard; sourceTree = "<group>"; };
		4CCD275A1D18957300B55A73 /* Assets.xcassets */ = {isa = PBXFileReference; lastKnownFileType = folder.assetcatalog; path = Assets.xcassets; sourceTree = "<group>"; };
		4CCD275D1D18957300B55A73 /* Base */ = {isa = PBXFileReference; lastKnownFileType = file.storyboard; name = Base; path = Base.lproj/LaunchScreen.storyboard; sourceTree = "<group>"; };
		4CCD275F1D18957300B55A73 /* Info.plist */ = {isa = PBXFileReference; lastKnownFileType = text.plist.xml; path = Info.plist; sourceTree = "<group>"; };
		4CCD27641D18957300B55A73 /* gramTests.xctest */ = {isa = PBXFileReference; explicitFileType = wrapper.cfbundle; includeInIndex = 0; path = gramTests.xctest; sourceTree = BUILT_PRODUCTS_DIR; };
		4CCD27681D18957300B55A73 /* gramTests.swift */ = {isa = PBXFileReference; lastKnownFileType = sourcecode.swift; path = gramTests.swift; sourceTree = "<group>"; };
		4CCD276A1D18957300B55A73 /* Info.plist */ = {isa = PBXFileReference; lastKnownFileType = text.plist.xml; path = Info.plist; sourceTree = "<group>"; };
		4CCD276F1D18957300B55A73 /* gramUITests.xctest */ = {isa = PBXFileReference; explicitFileType = wrapper.cfbundle; includeInIndex = 0; path = gramUITests.xctest; sourceTree = BUILT_PRODUCTS_DIR; };
		4CCD27731D18957300B55A73 /* gramUITests.swift */ = {isa = PBXFileReference; lastKnownFileType = sourcecode.swift; path = gramUITests.swift; sourceTree = "<group>"; };
		4CCD27751D18957300B55A73 /* Info.plist */ = {isa = PBXFileReference; lastKnownFileType = text.plist.xml; path = Info.plist; sourceTree = "<group>"; };
/* End PBXFileReference section */

/* Begin PBXFrameworksBuildPhase section */
		4CCD274D1D18957300B55A73 /* Frameworks */ = {
			isa = PBXFrameworksBuildPhase;
			buildActionMask = 2147483647;
			files = (
			);
			runOnlyForDeploymentPostprocessing = 0;
		};
		4CCD27611D18957300B55A73 /* Frameworks */ = {
			isa = PBXFrameworksBuildPhase;
			buildActionMask = 2147483647;
			files = (
			);
			runOnlyForDeploymentPostprocessing = 0;
		};
		4CCD276C1D18957300B55A73 /* Frameworks */ = {
			isa = PBXFrameworksBuildPhase;
			buildActionMask = 2147483647;
			files = (
			);
			runOnlyForDeploymentPostprocessing = 0;
		};
/* End PBXFrameworksBuildPhase section */

/* Begin PBXGroup section */
		4CCD27471D18957300B55A73 = {
			isa = PBXGroup;
			children = (
				4CCD27521D18957300B55A73 /* gram */,
				4CCD27671D18957300B55A73 /* gramTests */,
				4CCD27721D18957300B55A73 /* gramUITests */,
				4CCD27511D18957300B55A73 /* Products */,
			);
			sourceTree = "<group>";
		};
		4CCD27511D18957300B55A73 /* Products */ = {
			isa = PBXGroup;
			children = (
				4CCD27501D18957300B55A73 /* gram.app */,
				4CCD27641D18957300B55A73 /* gramTests.xctest */,
				4CCD276F1D18957300B55A73 /* gramUITests.xctest */,
			);
			name = Products;
			sourceTree = "<group>";
		};
		4CCD27521D18957300B55A73 /* gram */ = {
			isa = PBXGroup;
			children = (
				4CCD27531D18957300B55A73 /* AppDelegate.swift */,
				4CCD27551D18957300B55A73 /* ViewController.swift */,
				4CCD27571D18957300B55A73 /* Main.storyboard */,
				4CCD275A1D18957300B55A73 /* Assets.xcassets */,
				4CCD275C1D18957300B55A73 /* LaunchScreen.storyboard */,
				4CCD275F1D18957300B55A73 /* Info.plist */,
			);
			path = gram;
			sourceTree = "<group>";
		};
		4CCD27671D18957300B55A73 /* gramTests */ = {
			isa = PBXGroup;
			children = (
				4CCD27681D18957300B55A73 /* gramTests.swift */,
				4CCD276A1D18957300B55A73 /* Info.plist */,
			);
			path = gramTests;
			sourceTree = "<group>";
		};
		4CCD27721D18957300B55A73 /* gramUITests */ = {
			isa = PBXGroup;
			children = (
				4CCD27731D18957300B55A73 /* gramUITests.swift */,
				4CCD27751D18957300B55A73 /* Info.plist */,
			);
			path = gramUITests;
			sourceTree = "<group>";
		};
/* End PBXGroup section */

/* Begin PBXNativeTarget section */
		4CCD274F1D18957300B55A73 /* gram */ = {
			isa = PBXNativeTarget;
			buildConfigurationList = 4CCD27781D18957300B55A73 /* Build configuration list for PBXNativeTarget "gram" */;
			buildPhases = (
				4CCD274C1D18957300B55A73 /* Sources */,
				4CCD274D1D18957300B55A73 /* Frameworks */,
				4CCD274E1D18957300B55A73 /* Resources */,
			);
			buildRules = (
			);
			dependencies = (
			);
			name = gram;
			productName = gram;
			productReference = 4CCD27501D18957300B55A73 /* gram.app */;
			productType = "com.apple.product-type.application";
		};
		4CCD27631D18957300B55A73 /* gramTests */ = {
			isa = PBXNativeTarget;
			buildConfigurationList = 4CCD277B1D18957300B55A73 /* Build configuration list for PBXNativeTarget "gramTests" */;
			buildPhases = (
				4CCD27601D18957300B55A73 /* Sources */,
				4CCD27611D18957300B55A73 /* Frameworks */,
				4CCD27621D18957300B55A73 /* Resources */,
			);
			buildRules = (
			);
			dependencies = (
				4CCD27661D18957300B55A73 /* PBXTargetDependency */,
			);
			name = gramTests;
			productName = gramTests;
			productReference = 4CCD27641D18957300B55A73 /* gramTests.xctest */;
			productType = "com.apple.product-type.bundle.unit-test";
		};
		4CCD276E1D18957300B55A73 /* gramUITests */ = {
			isa = PBXNativeTarget;
			buildConfigurationList = 4CCD277E1D18957300B55A73 /* Build configuration list for PBXNativeTarget "gramUITests" */;
			buildPhases = (
				4CCD276B1D18957300B55A73 /* Sources */,
				4CCD276C1D18957300B55A73 /* Frameworks */,
				4CCD276D1D18957300B55A73 /* Resources */,
			);
			buildRules = (
			);
			dependencies = (
				4CCD27711D18957300B55A73 /* PBXTargetDependency */,
			);
			name = gramUITests;
			productName = gramUITests;
			productReference = 4CCD276F1D18957300B55A73 /* gramUITests.xctest */;
			productType = "com.apple.product-type.bundle.ui-testing";
		};
/* End PBXNativeTarget section */

/* Begin PBXProject section */
		4CCD27481D18957300B55A73 /* Project object */ = {
			isa = PBXProject;
			attributes = {
				LastSwiftUpdateCheck = 0730;
				LastUpgradeCheck = 0730;
				ORGANIZATIONNAME = "Jean Adedze";
				TargetAttributes = {
					4CCD274F1D18957300B55A73 = {
						CreatedOnToolsVersion = 7.3.1;
					};
					4CCD27631D18957300B55A73 = {
						CreatedOnToolsVersion = 7.3.1;
						TestTargetID = 4CCD274F1D18957300B55A73;
					};
					4CCD276E1D18957300B55A73 = {
						CreatedOnToolsVersion = 7.3.1;
						TestTargetID = 4CCD274F1D18957300B55A73;
					};
				};
			};
			buildConfigurationList = 4CCD274B1D18957300B55A73 /* Build configuration list for PBXProject "gram" */;
			compatibilityVersion = "Xcode 3.2";
			developmentRegion = English;
			hasScannedForEncodings = 0;
			knownRegions = (
				en,
				Base,
			);
			mainGroup = 4CCD27471D18957300B55A73;
			productRefGroup = 4CCD27511D18957300B55A73 /* Products */;
			projectDirPath = "";
			projectRoot = "";
			targets = (
				4CCD274F1D18957300B55A73 /* gram */,
				4CCD27631D18957300B55A73 /* gramTests */,
				4CCD276E1D18957300B55A73 /* gramUITests */,
			);
		};
/* End PBXProject section */

/* Begin PBXResourcesBuildPhase section */
		4CCD274E1D18957300B55A73 /* Resources */ = {
			isa = PBXResourcesBuildPhase;
			buildActionMask = 2147483647;
			files = (
				4CCD275E1D18957300B55A73 /* LaunchScreen.storyboard in Resources */,
				4CCD275B1D18957300B55A73 /* Assets.xcassets in Resources */,
				4CCD27591D18957300B55A73 /* Main.storyboard in Resources */,
			);
			runOnlyForDeploymentPostprocessing = 0;
		};
		4CCD27621D18957300B55A73 /* Resources */ = {
			isa = PBXResourcesBuildPhase;
			buildActionMask = 2147483647;
			files = (
			);
			runOnlyForDeploymentPostprocessing = 0;
		};
		4CCD276D1D18957300B55A73 /* Resources */ = {
			isa = PBXResourcesBuildPhase;
			buildActionMask = 2147483647;
			files = (
			);
			runOnlyForDeploymentPostprocessing = 0;
		};
/* End PBXResourcesBuildPhase section */

/* Begin PBXSourcesBuildPhase section */
		4CCD274C1D18957300B55A73 /* Sources */ = {
			isa = PBXSourcesBuildPhase;
			buildActionMask = 2147483647;
			files = (
				4CCD27561D18957300B55A73 /* ViewController.swift in Sources */,
				4CCD27541D18957300B55A73 /* AppDelegate.swift in Sources */,
			);
			runOnlyForDeploymentPostprocessing = 0;
		};
		4CCD27601D18957300B55A73 /* Sources */ = {
			isa = PBXSourcesBuildPhase;
			buildActionMask = 2147483647;
			files = (
				4CCD27691D18957300B55A73 /* gramTests.swift in Sources */,
			);
			runOnlyForDeploymentPostprocessing = 0;
		};
		4CCD276B1D18957300B55A73 /* Sources */ = {
			isa = PBXSourcesBuildPhase;
			buildActionMask = 2147483647;
			files = (
				4CCD27741D18957300B55A73 /* gramUITests.swift in Sources */,
			);
			runOnlyForDeploymentPostprocessing = 0;
		};
/* End PBXSourcesBuildPhase section */

/* Begin PBXTargetDependency section */
		4CCD27661D18957300B55A73 /* PBXTargetDependency */ = {
			isa = PBXTargetDependency;
			target = 4CCD274F1D18957300B55A73 /* gram */;
			targetProxy = 4CCD27651D18957300B55A73 /* PBXContainerItemProxy */;
		};
		4CCD27711D18957300B55A73 /* PBXTargetDependency */ = {
			isa = PBXTargetDependency;
			target = 4CCD274F1D18957300B55A73 /* gram */;
			targetProxy = 4CCD27701D18957300B55A73 /* PBXContainerItemProxy */;
		};
/* End PBXTargetDependency section */

/* Begin PBXVariantGroup section */
		4CCD27571D18957300B55A73 /* Main.storyboard */ = {
			isa = PBXVariantGroup;
			children = (
				4CCD27581D18957300B55A73 /* Base */,
			);
			name = Main.storyboard;
			sourceTree = "<group>";
		};
		4CCD275C1D18957300B55A73 /* LaunchScreen.storyboard */ = {
			isa = PBXVariantGroup;
			children = (
				4CCD275D1D18957300B55A73 /* Base */,
			);
			name = LaunchScreen.storyboard;
			sourceTree = "<group>";
		};
/* End PBXVariantGroup section */

/* Begin XCBuildConfiguration section */
		4CCD27761D18957300B55A73 /* Debug */ = {
			isa = XCBuildConfiguration;
			buildSettings = {
				ALWAYS_SEARCH_USER_PATHS = NO;
				CLANG_ANALYZER_NONNULL = YES;
				CLANG_CXX_LANGUAGE_STANDARD = "gnu++0x";
				CLANG_CXX_LIBRARY = "libc++";
				CLANG_ENABLE_MODULES = YES;
				CLANG_ENABLE_OBJC_ARC = YES;
				CLANG_WARN_BOOL_CONVERSION = YES;
				CLANG_WARN_CONSTANT_CONVERSION = YES;
				CLANG_WARN_DIRECT_OBJC_ISA_USAGE = YES_ERROR;
				CLANG_WARN_EMPTY_BODY = YES;
				CLANG_WARN_ENUM_CONVERSION = YES;
				CLANG_WARN_INT_CONVERSION = YES;
				CLANG_WARN_OBJC_ROOT_CLASS = YES_ERROR;
				CLANG_WARN_UNREACHABLE_CODE = YES;
				CLANG_WARN__DUPLICATE_METHOD_MATCH = YES;
				"CODE_SIGN_IDENTITY[sdk=iphoneos*]" = "iPhone Developer";
				COPY_PHASE_STRIP = NO;
				DEBUG_INFORMATION_FORMAT = dwarf;
				ENABLE_STRICT_OBJC_MSGSEND = YES;
				ENABLE_TESTABILITY = YES;
				GCC_C_LANGUAGE_STANDARD = gnu99;
				GCC_DYNAMIC_NO_PIC = NO;
				GCC_NO_COMMON_BLOCKS = YES;
				GCC_OPTIMIZATION_LEVEL = 0;
				GCC_PREPROCESSOR_DEFINITIONS = (
					"DEBUG=1",
					"$(inherited)",
				);
				GCC_WARN_64_TO_32_BIT_CONVERSION = YES;
				GCC_WARN_ABOUT_RETURN_TYPE = YES_ERROR;
				GCC_WARN_UNDECLARED_SELECTOR = YES;
				GCC_WARN_UNINITIALIZED_AUTOS = YES_AGGRESSIVE;
				GCC_WARN_UNUSED_FUNCTION = YES;
				GCC_WARN_UNUSED_VARIABLE = YES;
				IPHONEOS_DEPLOYMENT_TARGET = 9.3;
				MTL_ENABLE_DEBUG_INFO = YES;
				ONLY_ACTIVE_ARCH = YES;
				SDKROOT = iphoneos;
				SWIFT_OPTIMIZATION_LEVEL = "-Onone";
			};
			name = Debug;
		};
		4CCD27771D18957300B55A73 /* Release */ = {
			isa = XCBuildConfiguration;
			buildSettings = {
				ALWAYS_SEARCH_USER_PATHS = NO;
				CLANG_ANALYZER_NONNULL = YES;
				CLANG_CXX_LANGUAGE_STANDARD = "gnu++0x";
				CLANG_CXX_LIBRARY = "libc++";
				CLANG_ENABLE_MODULES = YES;
				CLANG_ENABLE_OBJC_ARC = YES;
				CLANG_WARN_BOOL_CONVERSION = YES;
				CLANG_WARN_CONSTANT_CONVERSION = YES;
				CLANG_WARN_DIRECT_OBJC_ISA_USAGE = YES_ERROR;
				CLANG_WARN_EMPTY_BODY = YES;
				CLANG_WARN_ENUM_CONVERSION = YES;
				CLANG_WARN_INT_CONVERSION = YES;
				CLANG_WARN_OBJC_ROOT_CLASS = YES_ERROR;
				CLANG_WARN_UNREACHABLE_CODE = YES;
				CLANG_WARN__DUPLICATE_METHOD_MATCH = YES;
				"CODE_SIGN_IDENTITY[sdk=iphoneos*]" = "iPhone Developer";
				COPY_PHASE_STRIP = NO;
				DEBUG_INFORMATION_FORMAT = "dwarf-with-dsym";
				ENABLE_NS_ASSERTIONS = NO;
				ENABLE_STRICT_OBJC_MSGSEND = YES;
				GCC_C_LANGUAGE_STANDARD = gnu99;
				GCC_NO_COMMON_BLOCKS = YES;
				GCC_WARN_64_TO_32_BIT_CONVERSION = YES;
				GCC_WARN_ABOUT_RETURN_TYPE = YES_ERROR;
				GCC_WARN_UNDECLARED_SELECTOR = YES;
				GCC_WARN_UNINITIALIZED_AUTOS = YES_AGGRESSIVE;
				GCC_WARN_UNUSED_FUNCTION = YES;
				GCC_WARN_UNUSED_VARIABLE = YES;
				IPHONEOS_DEPLOYMENT_TARGET = 9.3;
				MTL_ENABLE_DEBUG_INFO = NO;
				SDKROOT = iphoneos;
				VALIDATE_PRODUCT = YES;
			};
			name = Release;
		};
		4CCD27791D18957300B55A73 /* Debug */ = {
			isa = XCBuildConfiguration;
			buildSettings = {
				ASSETCATALOG_COMPILER_APPICON_NAME = AppIcon;
				INFOPLIST_FILE = gram/Info.plist;
				LD_RUNPATH_SEARCH_PATHS = "$(inherited) @executable_path/Frameworks";
				PRODUCT_BUNDLE_IDENTIFIER = com.facebookeng.gram;
				PRODUCT_NAME = "$(TARGET_NAME)";
			};
			name = Debug;
		};
		4CCD277A1D18957300B55A73 /* Release */ = {
			isa = XCBuildConfiguration;
			buildSettings = {
				ASSETCATALOG_COMPILER_APPICON_NAME = AppIcon;
				INFOPLIST_FILE = gram/Info.plist;
				LD_RUNPATH_SEARCH_PATHS = "$(inherited) @executable_path/Frameworks";
				PRODUCT_BUNDLE_IDENTIFIER = com.facebookeng.gram;
				PRODUCT_NAME = "$(TARGET_NAME)";
			};
			name = Release;
		};
		4CCD277C1D18957300B55A73 /* Debug */ = {
			isa = XCBuildConfiguration;
			buildSettings = {
				BUNDLE_LOADER = "$(TEST_HOST)";
				INFOPLIST_FILE = gramTests/Info.plist;
				LD_RUNPATH_SEARCH_PATHS = "$(inherited) @executable_path/Frameworks @loader_path/Frameworks";
				PRODUCT_BUNDLE_IDENTIFIER = com.facebookeng.gramTests;
				PRODUCT_NAME = "$(TARGET_NAME)";
				TEST_HOST = "$(BUILT_PRODUCTS_DIR)/gram.app/gram";
			};
			name = Debug;
		};
		4CCD277D1D18957300B55A73 /* Release */ = {
			isa = XCBuildConfiguration;
			buildSettings = {
				BUNDLE_LOADER = "$(TEST_HOST)";
				INFOPLIST_FILE = gramTests/Info.plist;
				LD_RUNPATH_SEARCH_PATHS = "$(inherited) @executable_path/Frameworks @loader_path/Frameworks";
				PRODUCT_BUNDLE_IDENTIFIER = com.facebookeng.gramTests;
				PRODUCT_NAME = "$(TARGET_NAME)";
				TEST_HOST = "$(BUILT_PRODUCTS_DIR)/gram.app/gram";
			};
			name = Release;
		};
		4CCD277F1D18957300B55A73 /* Debug */ = {
			isa = XCBuildConfiguration;
			buildSettings = {
				INFOPLIST_FILE = gramUITests/Info.plist;
				LD_RUNPATH_SEARCH_PATHS = "$(inherited) @executable_path/Frameworks @loader_path/Frameworks";
				PRODUCT_BUNDLE_IDENTIFIER = com.facebookeng.gramUITests;
				PRODUCT_NAME = "$(TARGET_NAME)";
				TEST_TARGET_NAME = gram;
			};
			name = Debug;
		};
		4CCD27801D18957300B55A73 /* Release */ = {
			isa = XCBuildConfiguration;
			buildSettings = {
				INFOPLIST_FILE = gramUITests/Info.plist;
				LD_RUNPATH_SEARCH_PATHS = "$(inherited) @executable_path/Frameworks @loader_path/Frameworks";
				PRODUCT_BUNDLE_IDENTIFIER = com.facebookeng.gramUITests;
				PRODUCT_NAME = "$(TARGET_NAME)";
				TEST_TARGET_NAME = gram;
			};
			name = Release;
		};
/* End XCBuildConfiguration section */

/* Begin XCConfigurationList section */
		4CCD274B1D18957300B55A73 /* Build configuration list for PBXProject "gram" */ = {
			isa = XCConfigurationList;
			buildConfigurations = (
				4CCD27761D18957300B55A73 /* Debug */,
				4CCD27771D18957300B55A73 /* Release */,
			);
			defaultConfigurationIsVisible = 0;
			defaultConfigurationName = Release;
		};
		4CCD27781D18957300B55A73 /* Build configuration list for PBXNativeTarget "gram" */ = {
			isa = XCConfigurationList;
			buildConfigurations = (
				4CCD27791D18957300B55A73 /* Debug */,
				4CCD277A1D18957300B55A73 /* Release */,
			);
			defaultConfigurationIsVisible = 0;
		};
		4CCD277B1D18957300B55A73 /* Build configuration list for PBXNativeTarget "gramTests" */ = {
			isa = XCConfigurationList;
			buildConfigurations = (
				4CCD277C1D18957300B55A73 /* Debug */,
				4CCD277D1D18957300B55A73 /* Release */,
			);
			defaultConfigurationIsVisible = 0;
		};
		4CCD277E1D18957300B55A73 /* Build configuration list for PBXNativeTarget "gramUITests" */ = {
			isa = XCConfigurationList;
			buildConfigurations = (
				4CCD277F1D18957300B55A73 /* Debug */,
				4CCD27801D18957300B55A73 /* Release */,
			);
			defaultConfigurationIsVisible = 0;
		};
/* End XCConfigurationList section */
	};
	rootObject = 4CCD27481D18957300B55A73 /* Project object */;
}
